
Microsoft Visual Studio Solution File, Format Version 12.00
# Visual Studio Version 17
VisualStudioVersion = 17.7.34202.233
MinimumVisualStudioVersion = 10.0.40219.1
Project("{FAE04EC0-301F-11D3-BF4B-00C04F79EFBC}") = "DashboardCRUD", "DashboardCRUD\DashboardCRUD.csproj", "{B1500AE7-53CC-408A-AF36-C25CD35E3283}"
EndProject
Global
	GlobalSection(SolutionConfigurationPlatforms) = preSolution
		Debug|Any CPU = Debug|Any CPU
		Release|Any CPU = Release|Any CPU
	EndGlobalSection
	GlobalSection(ProjectConfigurationPlatforms) = postSolution
		{B1500AE7-53CC-408A-AF36-C25CD35E3283}.Debug|Any CPU.ActiveCfg = Debug|Any CPU
		{B1500AE7-53CC-408A-AF36-C25CD35E3283}.Debug|Any CPU.Build.0 = Debug|Any CPU
		{B1500AE7-53CC-408A-AF36-C25CD35E3283}.Release|Any CPU.ActiveCfg = Release|Any CPU
		{B1500AE7-53CC-408A-AF36-C25CD35E3283}.Release|Any CPU.Build.0 = Release|Any CPU
	EndGlobalSection
	GlobalSection(SolutionProperties) = preSolution
		HideSolutionNode = FALSE
	EndGlobalSection
	GlobalSection(ExtensibilityGlobals) = postSolution
		SolutionGuid = {C70E2E32-D08A-4E15-8AA9-979A80B73BEA}
	EndGlobalSection
EndGlobal
